
Microsoft Visual Studio Solution File, Format Version 12.00
# Visual Studio Version 16
VisualStudioVersion = 16.0.31112.23
MinimumVisualStudioVersion = 10.0.40219.1
Project("{FAE04EC0-301F-11D3-BF4B-00C04F79EFBC}") = "CallCustomerAPI", "CallCustomerAPI\CallCustomerAPI.csproj", "{52026B92-4E9F-4075-B799-2D5D681931E6}"
EndProject
Global
	GlobalSection(SolutionConfigurationPlatforms) = preSolution
		Debug|Any CPU = Debug|Any CPU
		Release|Any CPU = Release|Any CPU
	EndGlobalSection
	GlobalSection(ProjectConfigurationPlatforms) = postSolution
		{52026B92-4E9F-4075-B799-2D5D681931E6}.Debug|Any CPU.ActiveCfg = Debug|Any CPU
		{52026B92-4E9F-4075-B799-2D5D681931E6}.Debug|Any CPU.Build.0 = Debug|Any CPU
		{52026B92-4E9F-4075-B799-2D5D681931E6}.Release|Any CPU.ActiveCfg = Release|Any CPU
		{52026B92-4E9F-4075-B799-2D5D681931E6}.Release|Any CPU.Build.0 = Release|Any CPU
	EndGlobalSection
	GlobalSection(SolutionProperties) = preSolution
		HideSolutionNode = FALSE
	EndGlobalSection
	GlobalSection(ExtensibilityGlobals) = postSolution
		SolutionGuid = {7DC30E24-C30B-485E-BAB0-1094BF1E4E43}
	EndGlobalSection
EndGlobal
